
Microsoft Visual Studio Solution File, Format Version 12.00
# Visual Studio 2017
Project("{FAE04EC0-301F-11D3-BF4B-00C04F79EFBC}") = "Bullet-Hell", "Bullet-Hell.csproj", "{52BA5AF9-F412-AD83-7593-4A83AFE3B2FE}"
EndProject
Global
	GlobalSection(SolutionConfigurationPlatforms) = preSolution
		Debug|Any CPU = Debug|Any CPU
		Release|Any CPU = Release|Any CPU
	EndGlobalSection
	GlobalSection(ProjectConfigurationPlatforms) = postSolution
		{52BA5AF9-F412-AD83-7593-4A83AFE3B2FE}.Debug|Any CPU.ActiveCfg = Debug|Any CPU
		{52BA5AF9-F412-AD83-7593-4A83AFE3B2FE}.Debug|Any CPU.Build.0 = Debug|Any CPU
		{52BA5AF9-F412-AD83-7593-4A83AFE3B2FE}.Release|Any CPU.ActiveCfg = Release|Any CPU
		{52BA5AF9-F412-AD83-7593-4A83AFE3B2FE}.Release|Any CPU.Build.0 = Release|Any CPU
	EndGlobalSection
	GlobalSection(SolutionProperties) = preSolution
		HideSolutionNode = FALSE
	EndGlobalSection
EndGlobal
